
Microsoft Visual Studio Solution File, Format Version 12.00
# Visual Studio 14
VisualStudioVersion = 14.0.25420.1
MinimumVisualStudioVersion = 10.0.40219.1
Project("{FAE04EC0-301F-11D3-BF4B-00C04F79EFBC}") = "ConsoleTestApp", "ConsoleTestApp\ConsoleTestApp.csproj", "{2B11E780-2CF6-4734-B7FE-1901CBEDA6E3}"
EndProject
Project("{FAE04EC0-301F-11D3-BF4B-00C04F79EFBC}") = "SoftDelete", "SoftDelete\SoftDelete.csproj", "{2AB550DA-5C5E-40FF-BDC5-19588A09A243}"
EndProject
Global
	GlobalSection(SolutionConfigurationPlatforms) = preSolution
		Debug|Any CPU = Debug|Any CPU
		Release|Any CPU = Release|Any CPU
	EndGlobalSection
	GlobalSection(ProjectConfigurationPlatforms) = postSolution
		{2B11E780-2CF6-4734-B7FE-1901CBEDA6E3}.Debug|Any CPU.ActiveCfg = Debug|Any CPU
		{2B11E780-2CF6-4734-B7FE-1901CBEDA6E3}.Debug|Any CPU.Build.0 = Debug|Any CPU
		{2B11E780-2CF6-4734-B7FE-1901CBEDA6E3}.Release|Any CPU.ActiveCfg = Release|Any CPU
		{2B11E780-2CF6-4734-B7FE-1901CBEDA6E3}.Release|Any CPU.Build.0 = Release|Any CPU
		{2AB550DA-5C5E-40FF-BDC5-19588A09A243}.Debug|Any CPU.ActiveCfg = Debug|Any CPU
		{2AB550DA-5C5E-40FF-BDC5-19588A09A243}.Debug|Any CPU.Build.0 = Debug|Any CPU
		{2AB550DA-5C5E-40FF-BDC5-19588A09A243}.Release|Any CPU.ActiveCfg = Release|Any CPU
		{2AB550DA-5C5E-40FF-BDC5-19588A09A243}.Release|Any CPU.Build.0 = Release|Any CPU
	EndGlobalSection
	GlobalSection(SolutionProperties) = preSolution
		HideSolutionNode = FALSE
	EndGlobalSection
EndGlobal
